{
    "_meta": {
        "hash": {
            "sha256": "351b31604ec66c0984775b1b3666717362ac50f76174cb07ebea0a784e489de3"
        },
        "pipfile-spec": 6,
        "requires": {
            "python_version": "3.6"
        },
        "sources": [
            {
                "name": "pypi",
                "url": "https://pypi.org/simple",
                "verify_ssl": true
            }
        ]
    },
    "default": {
        "certifi": {
            "hashes": [
                "sha256:13e698f54293db9f89122b0581843a782ad0934a4fe0172d2a980ba77fc61bb7",
                "sha256:9fa520c1bacfb634fa7af20a76bcbd3d5fb390481724c597da32c719a7dca4b0"
            ],
            "version": "==2018.4.16"
        },
        "chardet": {
            "hashes": [
                "sha256:84ab92ed1c4d4f16916e05906b6b75a6c0fb5db821cc65e70cbd64a3e2a5eaae",
                "sha256:fc323ffcaeaed0e0a02bf4d117757b98aed530d9ed4531e3e15460124c106691"
            ],
            "version": "==3.0.4"
        },
        "cython": {
            "hashes": [
                "sha256:12efb3c1b221a99a9bfac206cd687f4ba3a0dd8f186cbf64785cef6517fd3147",
                "sha256:16210e8b3e64b3d6b27ce4f0d53e78640e91a5e0a8d1d739adbf75b5eb698871",
                "sha256:185cf9b99164d1afce462c685f0edde99015d909e15763494dffe2b47fd4cbcb",
                "sha256:1f4b1408bd2c5c24ac6313c82843313c677072f0dea0c041019669a10b194ca3",
                "sha256:25f7ac45b8bf06739ecd22186c5405e62832564586dfc33fc620e35477c29d2c",
                "sha256:308896331c85547b4bf3da940000dbc03e6a28ef38a292508c57414701839601",
                "sha256:335d5afed98960937257b0b113e5898060cc3e79ed7c28adfb289d55ca0eb017",
                "sha256:43a9eafa95b021229550b70de6bfc3cce2e198513dcc8ffd55f4916b50d25aea",
                "sha256:475fd6ca6e59a64442fe0926a82eaaeb8474f8eb0dca0f3fc09f8e4f7ef26b5f",
                "sha256:4983354d35f14decdf9bea85e54e5dcaa06967a3b016cac3ea2c9d4d2cbc4146",
                "sha256:50edcb346e6d4f4b4881d3c473cb804ea7b9fe910f9f6308cf89b684eae8fc64",
                "sha256:51b3dd45cd311fd05bab71c114349c329fceb21d47481440d534d9e02d2e9167",
                "sha256:61731d93af1388b5adb1ea9fe485aba62331e7c387e1f3d67639d0649a378c70",
                "sha256:6464f875934483fc7be1dc6663a191ba306a2c3d4041f555be917f83b1b7009e",
                "sha256:6c008b7eda7da74bd222d88923e9381f25cd235958333a6da454f60ced634a6f",
                "sha256:6f30bd0c9a1b1fe2ef38d530431d0efbd46bfb3ea681c7c14ab8054c571c9ab7",
                "sha256:87c2d19ff56276ba67083e2466516c4b8a787ab15d5562dadc57f43fa2f4c547",
                "sha256:8c42126986cdc0186139487f97bcaa0835634ebe4ea64a548c9591751a508148",
                "sha256:9ab170d1ab65b6e58cddefe2d3d4545891d99a9ec58f2d9ff2054bba5cf1e7b4",
                "sha256:a4d7cac05f411e71b6b6e812f781da20665add998b0a9a3ed98ef1b66e3f0b79",
                "sha256:b1c8f489e5ce9c961bff89f8d3e84e8f4da366e0c7aae81f46ec6401446ef8ff",
                "sha256:cf6ce3f98b90817c53014ded2d1792cabfcf8a042aa4c0e6088598acc3141790",
                "sha256:d65b60db3f7e57e0c2afcbb0e94845cf8a10fdd2920f37cbd032f24040d7ae02",
                "sha256:d6b7863c59dd9e149a2b3583d47990834c9d36be153735d43997d0ff1e80d89c",
                "sha256:d85417af8bf6add9f1f41b5918acf9da2701e252234092a6dbec6c6a2236341d",
                "sha256:e2928580127a43a616565aeb354a6cdcf8ae72829852d2298c517dfc322e7347",
                "sha256:f01e03638423dcd1555f5fccc67a9adce4aec99e645eee01f43ea091c5844053",
                "sha256:f141d1f9c27a07b5a93f7dc5339472067e2d7140d1c5a9e20112a5665ca60306"
            ],
            "index": "pypi",
            "version": "==0.25.2"
        },
        "idna": {
            "hashes": [
                "sha256:2c6a5de3089009e3da7c5dde64a141dbc8551d5b7f6cf4ed7c2568d0cc520a8f",
                "sha256:8c7309c718f94b3a625cb648ace320157ad16ff131ae0af362c9f21b80ef6ec4"
            ],
            "version": "==2.6"
        },
        "kivy": {
            "file": "https://github.com/kivy/kivy/archive/master.zip"
        },
        "requests": {
            "hashes": [
                "sha256:6a1b267aa90cac58ac3a765d067950e7dbbf75b1da07e895d1f594193a40a38b",
                "sha256:9c443e7324ba5b85070c4a818ade28bfabedf16ea10206da1132edaa6dda237e"
            ],
            "index": "pypi",
            "version": "==2.18.4"
        },
        "urllib3": {
            "hashes": [
                "sha256:06330f386d6e4b195fbfc736b297f58c5a892e4440e54d294d7004e3a9bbea1b",
                "sha256:cc44da8e1145637334317feebd728bd869a35285b93cbb4cca2577da7e62db4f"
            ],
            "version": "==1.22"
        }
    },
    "develop": {
        "mypy": {
            "hashes": [
                "sha256:01cf289838f266ae7c6550c813181ee77d21eac9459dbf067e7a95a0a2db9721",
                "sha256:bc251cb31bc236d9fe4bcc442c994c45fff2541f7161ee52dc949741fe9ca3dd"
            ],
            "index": "pypi",
            "version": "==0.600"
        },
        "typed-ast": {
            "hashes": [
                "sha256:0948004fa228ae071054f5208840a1e88747a357ec1101c17217bfe99b299d58",
                "sha256:25d8feefe27eb0303b73545416b13d108c6067b846b543738a25ff304824ed9a",
                "sha256:29464a177d56e4e055b5f7b629935af7f49c196be47528cc94e0a7bf83fbc2b9",
                "sha256:2e214b72168ea0275efd6c884b114ab42e316de3ffa125b267e732ed2abda892",
                "sha256:3e0d5e48e3a23e9a4d1a9f698e32a542a4a288c871d33ed8df1b092a40f3a0f9",
                "sha256:519425deca5c2b2bdac49f77b2c5625781abbaf9a809d727d3a5596b30bb4ded",
                "sha256:57fe287f0cdd9ceaf69e7b71a2e94a24b5d268b35df251a88fef5cc241bf73aa",
                "sha256:668d0cec391d9aed1c6a388b0d5b97cd22e6073eaa5fbaa6d2946603b4871efe",
                "sha256:68ba70684990f59497680ff90d18e756a47bf4863c604098f10de9716b2c0bdd",
                "sha256:6de012d2b166fe7a4cdf505eee3aaa12192f7ba365beeefaca4ec10e31241a85",
                "sha256:79b91ebe5a28d349b6d0d323023350133e927b4de5b651a8aa2db69c761420c6",
                "sha256:8550177fa5d4c1f09b5e5f524411c44633c80ec69b24e0e98906dd761941ca46",
                "sha256:a8034021801bc0440f2e027c354b4eafd95891b573e12ff0418dec385c76785c",
                "sha256:bc978ac17468fe868ee589c795d06777f75496b1ed576d308002c8a5756fb9ea",
                "sha256:c05b41bc1deade9f90ddc5d988fe506208019ebba9f2578c622516fd201f5863",
                "sha256:c9b060bd1e5a26ab6e8267fd46fc9e02b54eb15fffb16d112d4c7b1c12987559",
                "sha256:edb04bdd45bfd76c8292c4d9654568efaedf76fe78eb246dde69bdb13b2dad87",
                "sha256:f19f2a4f547505fe9072e15f6f4ae714af51b5a681a97f187971f50c283193b6"
            ],
            "version": "==1.1.0"
        }
    }
}
